
Microsoft Visual Studio Solution File, Format Version 12.00
# Visual Studio Version 16
VisualStudioVersion = 16.0.28803.352
MinimumVisualStudioVersion = 10.0.40219.1
Project("{FAE04EC0-301F-11D3-BF4B-00C04F79EFBC}") = "HeroesAndDragons", "HeroesAndDragons\HeroesAndDragons.csproj", "{6549DBAC-0201-4A5F-936E-D01E7414593C}"
EndProject
Global
	GlobalSection(SolutionConfigurationPlatforms) = preSolution
		Debug|Any CPU = Debug|Any CPU
		Release|Any CPU = Release|Any CPU
	EndGlobalSection
	GlobalSection(ProjectConfigurationPlatforms) = postSolution
		{6549DBAC-0201-4A5F-936E-D01E7414593C}.Debug|Any CPU.ActiveCfg = Debug|Any CPU
		{6549DBAC-0201-4A5F-936E-D01E7414593C}.Debug|Any CPU.Build.0 = Debug|Any CPU
		{6549DBAC-0201-4A5F-936E-D01E7414593C}.Release|Any CPU.ActiveCfg = Release|Any CPU
		{6549DBAC-0201-4A5F-936E-D01E7414593C}.Release|Any CPU.Build.0 = Release|Any CPU
	EndGlobalSection
	GlobalSection(SolutionProperties) = preSolution
		HideSolutionNode = FALSE
	EndGlobalSection
	GlobalSection(ExtensibilityGlobals) = postSolution
		SolutionGuid = {84D20890-BA1C-459E-9008-5B96DE77D307}
	EndGlobalSection
EndGlobal
